
Microsoft Visual Studio Solution File, Format Version 12.00
# Visual Studio Version 17
VisualStudioVersion = 17.8.34322.80
MinimumVisualStudioVersion = 10.0.40219.1
Project("{9A19103F-16F7-4668-BE54-9A1E7A4F7556}") = "HangmanApp", "HangmanApp\HangmanApp.csproj", "{F3518E8C-E9EA-4471-8C4B-87AA896514BD}"
EndProject
Project("{FAE04EC0-301F-11D3-BF4B-00C04F79EFBC}") = "HangmanMaui", "HangmanMaui\HangmanMaui.csproj", "{4AA21988-C681-455E-AA6A-5A533B62099F}"
EndProject
Project("{2150E333-8FDC-42A3-9474-1A3956D46DE8}") = "Solution Items", "Solution Items", "{8EC462FD-D22E-90A8-E5CE-7E832BA40C5D}"
EndProject
Project("{FAE04EC0-301F-11D3-BF4B-00C04F79EFBC}") = "HangmanSystem", "HangmanSystem\HangmanSystem.csproj", "{0F2EC0CA-A1DF-4BB2-B769-896DA526C331}"
EndProject
Project("{FAE04EC0-301F-11D3-BF4B-00C04F79EFBC}") = "HangmanTest", "HangmanTest\HangmanTest.csproj", "{F49EFAD4-6FEB-4A79-B642-0AD1EC04BF67}"
EndProject
Project("{FAE04EC0-301F-11D3-BF4B-00C04F79EFBC}") = "HangmanWeb", "HangmanWeb\HangmanWeb.csproj", "{1FFA4B85-643E-4A52-8E29-9A7C59AE8974}"
EndProject
Global
	GlobalSection(SolutionConfigurationPlatforms) = preSolution
		Debug|Any CPU = Debug|Any CPU
		Release|Any CPU = Release|Any CPU
	EndGlobalSection
	GlobalSection(ProjectConfigurationPlatforms) = postSolution
		{F3518E8C-E9EA-4471-8C4B-87AA896514BD}.Debug|Any CPU.ActiveCfg = Debug|Any CPU
		{F3518E8C-E9EA-4471-8C4B-87AA896514BD}.Debug|Any CPU.Build.0 = Debug|Any CPU
		{F3518E8C-E9EA-4471-8C4B-87AA896514BD}.Release|Any CPU.ActiveCfg = Release|Any CPU
		{F3518E8C-E9EA-4471-8C4B-87AA896514BD}.Release|Any CPU.Build.0 = Release|Any CPU
		{4AA21988-C681-455E-AA6A-5A533B62099F}.Debug|Any CPU.ActiveCfg = Debug|Any CPU
		{4AA21988-C681-455E-AA6A-5A533B62099F}.Debug|Any CPU.Build.0 = Debug|Any CPU
		{4AA21988-C681-455E-AA6A-5A533B62099F}.Release|Any CPU.ActiveCfg = Release|Any CPU
		{4AA21988-C681-455E-AA6A-5A533B62099F}.Release|Any CPU.Build.0 = Release|Any CPU
		{0F2EC0CA-A1DF-4BB2-B769-896DA526C331}.Debug|Any CPU.ActiveCfg = Debug|Any CPU
		{0F2EC0CA-A1DF-4BB2-B769-896DA526C331}.Debug|Any CPU.Build.0 = Debug|Any CPU
		{0F2EC0CA-A1DF-4BB2-B769-896DA526C331}.Release|Any CPU.ActiveCfg = Release|Any CPU
		{0F2EC0CA-A1DF-4BB2-B769-896DA526C331}.Release|Any CPU.Build.0 = Release|Any CPU
		{F49EFAD4-6FEB-4A79-B642-0AD1EC04BF67}.Debug|Any CPU.ActiveCfg = Debug|Any CPU
		{F49EFAD4-6FEB-4A79-B642-0AD1EC04BF67}.Debug|Any CPU.Build.0 = Debug|Any CPU
		{F49EFAD4-6FEB-4A79-B642-0AD1EC04BF67}.Release|Any CPU.ActiveCfg = Release|Any CPU
		{F49EFAD4-6FEB-4A79-B642-0AD1EC04BF67}.Release|Any CPU.Build.0 = Release|Any CPU
		{1FFA4B85-643E-4A52-8E29-9A7C59AE8974}.Debug|Any CPU.ActiveCfg = Debug|Any CPU
		{1FFA4B85-643E-4A52-8E29-9A7C59AE8974}.Debug|Any CPU.Build.0 = Debug|Any CPU
		{1FFA4B85-643E-4A52-8E29-9A7C59AE8974}.Release|Any CPU.ActiveCfg = Release|Any CPU
		{1FFA4B85-643E-4A52-8E29-9A7C59AE8974}.Release|Any CPU.Build.0 = Release|Any CPU
	EndGlobalSection
	GlobalSection(SolutionProperties) = preSolution
		HideSolutionNode = FALSE
	EndGlobalSection
	GlobalSection(NestedProjects) = preSolution
		{0F2EC0CA-A1DF-4BB2-B769-896DA526C331} = {8EC462FD-D22E-90A8-E5CE-7E832BA40C5D}
	EndGlobalSection
	GlobalSection(ExtensibilityGlobals) = postSolution
		SolutionGuid = {80555117-51FC-4F9A-A4B6-024378BCF0C7}
	EndGlobalSection
EndGlobal
