
Microsoft Visual Studio Solution File, Format Version 12.00
# Visual Studio Version 17
VisualStudioVersion = 17.10.35013.160
MinimumVisualStudioVersion = 10.0.40219.1
Project("{9A19103F-16F7-4668-BE54-9A1E7A4F7556}") = "RecipeWinForms", "RecipeWinForms\RecipeWinForms.csproj", "{9D0E43E7-EAA6-469E-8775-4D3DDE55A688}"
EndProject
Project("{9A19103F-16F7-4668-BE54-9A1E7A4F7556}") = "CPUFramework", "..\..\CPUFramework\CPUFramework.csproj", "{BFF95D65-83CA-4BD8-B1B3-9BF270272901}"
EndProject
Project("{9A19103F-16F7-4668-BE54-9A1E7A4F7556}") = "CPUWindowsFormsFramework", "..\..\CPUWindowsFormsFramework\CPUWindowsFormsFramework.csproj", "{7113CF7B-E1A3-490C-B5FB-CBF9A9C9F00D}"
EndProject
Project("{FAE04EC0-301F-11D3-BF4B-00C04F79EFBC}") = "RecipeSystem", "RecipeSystem\RecipeSystem.csproj", "{882CC0B6-7548-49C6-A29E-AB02F2AF0383}"
EndProject
Project("{FAE04EC0-301F-11D3-BF4B-00C04F79EFBC}") = "RecipeTest", "RecipeTest\RecipeTest.csproj", "{3D00D1BE-304E-41B3-ABB3-A86912121D95}"
EndProject
Project("{FAE04EC0-301F-11D3-BF4B-00C04F79EFBC}") = "RecipeMaui", "RecipeMaui\RecipeMaui.csproj", "{E1999853-A102-40EC-92AE-174AA6F8A92C}"
EndProject
Global
	GlobalSection(SolutionConfigurationPlatforms) = preSolution
		Debug|Any CPU = Debug|Any CPU
		Release|Any CPU = Release|Any CPU
	EndGlobalSection
	GlobalSection(ProjectConfigurationPlatforms) = postSolution
		{9D0E43E7-EAA6-469E-8775-4D3DDE55A688}.Debug|Any CPU.ActiveCfg = Debug|Any CPU
		{9D0E43E7-EAA6-469E-8775-4D3DDE55A688}.Debug|Any CPU.Build.0 = Debug|Any CPU
		{9D0E43E7-EAA6-469E-8775-4D3DDE55A688}.Release|Any CPU.ActiveCfg = Release|Any CPU
		{9D0E43E7-EAA6-469E-8775-4D3DDE55A688}.Release|Any CPU.Build.0 = Release|Any CPU
		{BFF95D65-83CA-4BD8-B1B3-9BF270272901}.Debug|Any CPU.ActiveCfg = Debug|Any CPU
		{BFF95D65-83CA-4BD8-B1B3-9BF270272901}.Debug|Any CPU.Build.0 = Debug|Any CPU
		{BFF95D65-83CA-4BD8-B1B3-9BF270272901}.Release|Any CPU.ActiveCfg = Release|Any CPU
		{BFF95D65-83CA-4BD8-B1B3-9BF270272901}.Release|Any CPU.Build.0 = Release|Any CPU
		{7113CF7B-E1A3-490C-B5FB-CBF9A9C9F00D}.Debug|Any CPU.ActiveCfg = Debug|Any CPU
		{7113CF7B-E1A3-490C-B5FB-CBF9A9C9F00D}.Debug|Any CPU.Build.0 = Debug|Any CPU
		{7113CF7B-E1A3-490C-B5FB-CBF9A9C9F00D}.Release|Any CPU.ActiveCfg = Release|Any CPU
		{7113CF7B-E1A3-490C-B5FB-CBF9A9C9F00D}.Release|Any CPU.Build.0 = Release|Any CPU
		{882CC0B6-7548-49C6-A29E-AB02F2AF0383}.Debug|Any CPU.ActiveCfg = Debug|Any CPU
		{882CC0B6-7548-49C6-A29E-AB02F2AF0383}.Debug|Any CPU.Build.0 = Debug|Any CPU
		{882CC0B6-7548-49C6-A29E-AB02F2AF0383}.Release|Any CPU.ActiveCfg = Release|Any CPU
		{882CC0B6-7548-49C6-A29E-AB02F2AF0383}.Release|Any CPU.Build.0 = Release|Any CPU
		{3D00D1BE-304E-41B3-ABB3-A86912121D95}.Debug|Any CPU.ActiveCfg = Debug|Any CPU
		{3D00D1BE-304E-41B3-ABB3-A86912121D95}.Debug|Any CPU.Build.0 = Debug|Any CPU
		{3D00D1BE-304E-41B3-ABB3-A86912121D95}.Release|Any CPU.ActiveCfg = Release|Any CPU
		{3D00D1BE-304E-41B3-ABB3-A86912121D95}.Release|Any CPU.Build.0 = Release|Any CPU
		{E1999853-A102-40EC-92AE-174AA6F8A92C}.Debug|Any CPU.ActiveCfg = Debug|Any CPU
		{E1999853-A102-40EC-92AE-174AA6F8A92C}.Debug|Any CPU.Build.0 = Debug|Any CPU
		{E1999853-A102-40EC-92AE-174AA6F8A92C}.Release|Any CPU.ActiveCfg = Release|Any CPU
		{E1999853-A102-40EC-92AE-174AA6F8A92C}.Release|Any CPU.Build.0 = Release|Any CPU
		{E1999853-A102-40EC-92AE-174AA6F8A92C}.Release|Any CPU.Deploy.0 = Release|Any CPU
	EndGlobalSection
	GlobalSection(SolutionProperties) = preSolution
		HideSolutionNode = FALSE
	EndGlobalSection
	GlobalSection(ExtensibilityGlobals) = postSolution
		SolutionGuid = {5D230E16-C404-4676-A9A2-8ABE55AADBF1}
	EndGlobalSection
EndGlobal
